{
  "name": "tokenrank-client",
  "version": "0.2.9",
  "lockfileVersion": 3,
  "requires": true,
  "packages": {
    "": {
      "name": "tokenrank-client",
      "version": "0.2.9",
      "license": "MIT",
      "bin": {
        "tokenrank": "bin/tokenrank.js"
      },
      "engines": {
        "node": ">=22.13"
      }
    }
  }
}
